<Solution>
  <Folder Name="/Services/">
    <Project Path="OrderServiceAPI/OrderServiceAPI.csproj" Id="b5d1e2b8-8c56-4495-9288-9d78d5be4020" />
    <Project Path="PaymentService.API/PaymentService.API.csproj" Id="2a55d08d-48b6-41ba-bcf6-52891bdce61f" />
    <Project Path="ReviewService.API/ReviewService.API.csproj" Id="c706fd17-889a-40ea-8e17-2bc597534cc8" />
    <Project Path="StoreManagementAPI/CatalogService.API.csproj" />
    <Project Path="UserService.API/UserService.API.csproj" Id="006adda4-8d07-43de-bb7b-dcf6c62b6b46" />
  </Folder>
</Solution>
